
Microsoft Visual Studio Solution File, Format Version 12.00
# Visual Studio Version 16
VisualStudioVersion = 16.0.30104.148
MinimumVisualStudioVersion = 10.0.40219.1
Project("{FAE04EC0-301F-11D3-BF4B-00C04F79EFBC}") = "CTCI_solutions", "CTCI_solutions\CTCI_solutions.csproj", "{75777242-0A92-44CF-89AE-43BBDAD8FC70}"
EndProject
Project("{FAE04EC0-301F-11D3-BF4B-00C04F79EFBC}") = "CTCI_tests", "CTCI_tests\CTCI_tests.csproj", "{28ED9C3E-B229-40BD-A9D7-60CAC244E9B8}"
EndProject
Global
	GlobalSection(SolutionConfigurationPlatforms) = preSolution
		Debug|Any CPU = Debug|Any CPU
		Release|Any CPU = Release|Any CPU
	EndGlobalSection
	GlobalSection(ProjectConfigurationPlatforms) = postSolution
		{75777242-0A92-44CF-89AE-43BBDAD8FC70}.Debug|Any CPU.ActiveCfg = Debug|Any CPU
		{75777242-0A92-44CF-89AE-43BBDAD8FC70}.Debug|Any CPU.Build.0 = Debug|Any CPU
		{75777242-0A92-44CF-89AE-43BBDAD8FC70}.Release|Any CPU.ActiveCfg = Release|Any CPU
		{75777242-0A92-44CF-89AE-43BBDAD8FC70}.Release|Any CPU.Build.0 = Release|Any CPU
		{28ED9C3E-B229-40BD-A9D7-60CAC244E9B8}.Debug|Any CPU.ActiveCfg = Debug|Any CPU
		{28ED9C3E-B229-40BD-A9D7-60CAC244E9B8}.Debug|Any CPU.Build.0 = Debug|Any CPU
		{28ED9C3E-B229-40BD-A9D7-60CAC244E9B8}.Release|Any CPU.ActiveCfg = Release|Any CPU
		{28ED9C3E-B229-40BD-A9D7-60CAC244E9B8}.Release|Any CPU.Build.0 = Release|Any CPU
	EndGlobalSection
	GlobalSection(SolutionProperties) = preSolution
		HideSolutionNode = FALSE
	EndGlobalSection
	GlobalSection(ExtensibilityGlobals) = postSolution
		SolutionGuid = {DA888B30-181B-44CA-A7E6-C0A67CCBA652}
	EndGlobalSection
EndGlobal
